
Microsoft Visual Studio Solution File, Format Version 12.00
# Visual Studio 15
VisualStudioVersion = 15.0.28307.572
MinimumVisualStudioVersion = 10.0.40219.1
Project("{FAE04EC0-301F-11D3-BF4B-00C04F79EFBC}") = "WasteManagement1", "WasteManagement1\WasteManagement1.csproj", "{C8D14596-E7B7-45F3-83CF-26AD66359699}"
EndProject
Global
	GlobalSection(SolutionConfigurationPlatforms) = preSolution
		Debug|Any CPU = Debug|Any CPU
		Release|Any CPU = Release|Any CPU
	EndGlobalSection
	GlobalSection(ProjectConfigurationPlatforms) = postSolution
		{C8D14596-E7B7-45F3-83CF-26AD66359699}.Debug|Any CPU.ActiveCfg = Debug|Any CPU
		{C8D14596-E7B7-45F3-83CF-26AD66359699}.Debug|Any CPU.Build.0 = Debug|Any CPU
		{C8D14596-E7B7-45F3-83CF-26AD66359699}.Release|Any CPU.ActiveCfg = Release|Any CPU
		{C8D14596-E7B7-45F3-83CF-26AD66359699}.Release|Any CPU.Build.0 = Release|Any CPU
	EndGlobalSection
	GlobalSection(SolutionProperties) = preSolution
		HideSolutionNode = FALSE
	EndGlobalSection
	GlobalSection(ExtensibilityGlobals) = postSolution
		SolutionGuid = {085FFC9A-1F92-4FBC-A76B-82CD4C062E6A}
	EndGlobalSection
EndGlobal
